
Microsoft Visual Studio Solution File, Format Version 12.00
# Visual Studio Version 17
VisualStudioVersion = 17.14.36518.9 d17.14
MinimumVisualStudioVersion = 10.0.40219.1
Project("{FAE04EC0-301F-11D3-BF4B-00C04F79EFBC}") = "EcommerceBaseCore", "EcommerceBaseCore\EcommerceBaseCore.csproj", "{F092C180-9A8E-4870-B563-13D129959F55}"
EndProject
Global
	GlobalSection(SolutionConfigurationPlatforms) = preSolution
		Debug|Any CPU = Debug|Any CPU
		Release|Any CPU = Release|Any CPU
	EndGlobalSection
	GlobalSection(ProjectConfigurationPlatforms) = postSolution
		{F092C180-9A8E-4870-B563-13D129959F55}.Debug|Any CPU.ActiveCfg = Debug|Any CPU
		{F092C180-9A8E-4870-B563-13D129959F55}.Debug|Any CPU.Build.0 = Debug|Any CPU
		{F092C180-9A8E-4870-B563-13D129959F55}.Release|Any CPU.ActiveCfg = Release|Any CPU
		{F092C180-9A8E-4870-B563-13D129959F55}.Release|Any CPU.Build.0 = Release|Any CPU
	EndGlobalSection
	GlobalSection(SolutionProperties) = preSolution
		HideSolutionNode = FALSE
	EndGlobalSection
	GlobalSection(ExtensibilityGlobals) = postSolution
		SolutionGuid = {945387EB-C84A-430D-9F56-C466217779AA}
	EndGlobalSection
EndGlobal
